PODS:
  - AudioPlayerManager (1.2.3)
  - SwiftLint (0.21.0)

DEPENDENCIES:
  - AudioPlayerManager (from `../`)
  - SwiftLint (~> 0.21.0)

EXTERNAL SOURCES:
  AudioPlayerManager:
    :path: ../

SPEC CHECKSUMS:
  AudioPlayerManager: c3fa792384a9811b07efa7c4c4fa97490beedf63
  SwiftLint: 6de8b2d15f43c482bdec2953b8cfd696faa876e8

PODFILE CHECKSUM: a104582aba1f127e4507d51ca0451f00b34c985b

COCOAPODS: 1.3.1
