PODS:
  - AudioPlayerManager (1.2.2)
  - SwiftLint (0.16.1)

DEPENDENCIES:
  - AudioPlayerManager (from `../`)
  - SwiftLint (~> 0.16.0)

EXTERNAL SOURCES:
  AudioPlayerManager:
    :path: ../

SPEC CHECKSUMS:
  AudioPlayerManager: f5ff13527c456e21290e62c35382a98d6d85b476
  SwiftLint: b8b683208cc09640898f16318a7a452274e91f61

PODFILE CHECKSUM: 115f54042865946e67a13b38c1aae066b31e217e

COCOAPODS: 1.2.0
