PODS:
  - AudioPlayerManager (1.2.3)
  - SwiftLint (0.21.0)

DEPENDENCIES:
  - AudioPlayerManager (from `../`)
  - SwiftLint (~> 0.21.0)

SPEC REPOS:
  https://github.com/cocoapods/specs.git:
    - SwiftLint

EXTERNAL SOURCES:
  AudioPlayerManager:
    :path: "../"

SPEC CHECKSUMS:
  AudioPlayerManager: a7f63bf8522519ea11ddaa086835b10665cf2818
  SwiftLint: 6de8b2d15f43c482bdec2953b8cfd696faa876e8

PODFILE CHECKSUM: 19ebe1fe8bb965aea8e8129f8079a183f1e97da1

COCOAPODS: 1.5.3
